
Microsoft Visual Studio Solution File, Format Version 12.00
# Visual Studio Version 16
VisualStudioVersion = 16.0.30204.135
MinimumVisualStudioVersion = 10.0.40219.1
Project("{FAE04EC0-301F-11D3-BF4B-00C04F79EFBC}") = "BotWhatsapp", "BotWhatsapp\BotWhatsapp.csproj", "{D91A8218-F9E9-4D1C-AD13-DBEDE5967713}"
EndProject
Global
	GlobalSection(SolutionConfigurationPlatforms) = preSolution
		Debug|Any CPU = Debug|Any CPU
		Release|Any CPU = Release|Any CPU
	EndGlobalSection
	GlobalSection(ProjectConfigurationPlatforms) = postSolution
		{D91A8218-F9E9-4D1C-AD13-DBEDE5967713}.Debug|Any CPU.ActiveCfg = Debug|Any CPU
		{D91A8218-F9E9-4D1C-AD13-DBEDE5967713}.Debug|Any CPU.Build.0 = Debug|Any CPU
		{D91A8218-F9E9-4D1C-AD13-DBEDE5967713}.Release|Any CPU.ActiveCfg = Release|Any CPU
		{D91A8218-F9E9-4D1C-AD13-DBEDE5967713}.Release|Any CPU.Build.0 = Release|Any CPU
	EndGlobalSection
	GlobalSection(SolutionProperties) = preSolution
		HideSolutionNode = FALSE
	EndGlobalSection
	GlobalSection(ExtensibilityGlobals) = postSolution
		SolutionGuid = {47F6794A-D107-444C-8AD5-837C96FFA797}
	EndGlobalSection
EndGlobal
